
Microsoft Visual Studio Solution File, Format Version 12.00
# Visual Studio Version 17
VisualStudioVersion = 17.3.32929.385
MinimumVisualStudioVersion = 10.0.40219.1
Project("{FAE04EC0-301F-11D3-BF4B-00C04F79EFBC}") = "FoodDelivery", "FoodDelivery\FoodDelivery.csproj", "{92496317-C729-4404-A5E9-88BB96466975}"
EndProject
Global
	GlobalSection(SolutionConfigurationPlatforms) = preSolution
		Debug|Any CPU = Debug|Any CPU
		Release|Any CPU = Release|Any CPU
	EndGlobalSection
	GlobalSection(ProjectConfigurationPlatforms) = postSolution
		{92496317-C729-4404-A5E9-88BB96466975}.Debug|Any CPU.ActiveCfg = Debug|Any CPU
		{92496317-C729-4404-A5E9-88BB96466975}.Debug|Any CPU.Build.0 = Debug|Any CPU
		{92496317-C729-4404-A5E9-88BB96466975}.Release|Any CPU.ActiveCfg = Release|Any CPU
		{92496317-C729-4404-A5E9-88BB96466975}.Release|Any CPU.Build.0 = Release|Any CPU
	EndGlobalSection
	GlobalSection(SolutionProperties) = preSolution
		HideSolutionNode = FALSE
	EndGlobalSection
	GlobalSection(ExtensibilityGlobals) = postSolution
		SolutionGuid = {DFF3300A-4328-455C-B38E-3A9F102527EF}
	EndGlobalSection
EndGlobal
